// !$*UTF8*$!
{
	archiveVersion = 1;
	classes = {
	};
	objectVersion = 77;
	objects = {

/* Begin PBXContainerItemProxy section */
		BCA44FF32E67AF4B0056E322 /* PBXContainerItemProxy */ = {
			isa = PBXContainerItemProxy;
			containerPortal = BCA44FDA2E67AF490056E322 /* Project object */;
			proxyType = 1;
			remoteGlobalIDString = BCA44FE12E67AF490056E322;
			remoteInfo = pokemonApp;
		};
		BCA44FFD2E67AF4B0056E322 /* PBXContainerItemProxy */ = {
			isa = PBXContainerItemProxy;
			containerPortal = BCA44FDA2E67AF490056E322 /* Project object */;
			proxyType = 1;
			remoteGlobalIDString = BCA44FE12E67AF490056E322;
			remoteInfo = pokemonApp;
		};
/* End PBXContainerItemProxy section */

/* Begin PBXFileReference section */
		BCA44FE22E67AF490056E322 /* pokemonApp.app */ = {isa = PBXFileReference; explicitFileType = wrapper.application; includeInIndex = 0; path = pokemonApp.app; sourceTree = BUILT_PRODUCTS_DIR; };
		BCA44FF22E67AF4B0056E322 /* pokemonAppTests.xctest */ = {isa = PBXFileReference; explicitFileType = wrapper.cfbundle; includeInIndex = 0; path = pokemonAppTests.xctest; sourceTree = BUILT_PRODUCTS_DIR; };
		BCA44FFC2E67AF4B0056E322 /* pokemonAppUITests.xctest */ = {isa = PBXFileReference; explicitFileType = wrapper.cfbundle; includeInIndex = 0; path = pokemonAppUITests.xctest; sourceTree = BUILT_PRODUCTS_DIR; };
/* End PBXFileReference section */

/* Begin PBXFileSystemSynchronizedRootGroup section */
		BCA44FE42E67AF490056E322 /* pokemonApp */ = {
			isa = PBXFileSystemSynchronizedRootGroup;
			path = pokemonApp;
			sourceTree = "<group>";
		};
		BCA44FF52E67AF4B0056E322 /* pokemonAppTests */ = {
			isa = PBXFileSystemSynchronizedRootGroup;
			path = pokemonAppTests;
			sourceTree = "<group>";
		};
		BCA44FFF2E67AF4B0056E322 /* pokemonAppUITests */ = {
			isa = PBXFileSystemSynchronizedRootGroup;
			path = pokemonAppUITests;
			sourceTree = "<group>";
		};
/* End PBXFileSystemSynchronizedRootGroup section */

/* Begin PBXFrameworksBuildPhase section */
		BCA44FDF2E67AF490056E322 /* Frameworks */ = {
			isa = PBXFrameworksBuildPhase;
			buildActionMask = 2147483647;
			files = (
			);
			runOnlyForDeploymentPostprocessing = 0;
		};
		BCA44FEF2E67AF4B0056E322 /* Frameworks */ = {
			isa = PBXFrameworksBuildPhase;
			buildActionMask = 2147483647;
			files = (
			);
			runOnlyForDeploymentPostprocessing = 0;
		};
		BCA44FF92E67AF4B0056E322 /* Frameworks */ = {
			isa = PBXFrameworksBuildPhase;
			buildActionMask = 2147483647;
			files = (
			);
			runOnlyForDeploymentPostprocessing = 0;
		};
/* End PBXFrameworksBuildPhase section */

/* Begin PBXGroup section */
		BCA44FD92E67AF490056E322 = {
			isa = PBXGroup;
			children = (
				BCA44FE42E67AF490056E322 /* pokemonApp */,
				BCA44FF52E67AF4B0056E322 /* pokemonAppTests */,
				BCA44FFF2E67AF4B0056E322 /* pokemonAppUITests */,
				BCA44FE32E67AF490056E322 /* Products */,
			);
			sourceTree = "<group>";
		};
		BCA44FE32E67AF490056E322 /* Products */ = {
			isa = PBXGroup;
			children = (
				BCA44FE22E67AF490056E322 /* pokemonApp.app */,
				BCA44FF22E67AF4B0056E322 /* pokemonAppTests.xctest */,
				BCA44FFC2E67AF4B0056E322 /* pokemonAppUITests.xctest */,
			);
			name = Products;
			sourceTree = "<group>";
		};
/* End PBXGroup section */

/* Begin PBXNativeTarget section */
		BCA44FE12E67AF490056E322 /* pokemonApp */ = {
			isa = PBXNativeTarget;
			buildConfigurationList = BCA450062E67AF4B0056E322 /* Build configuration list for PBXNativeTarget "pokemonApp" */;
			buildPhases = (
				BCA44FDE2E67AF490056E322 /* Sources */,
				BCA44FDF2E67AF490056E322 /* Frameworks */,
				BCA44FE02E67AF490056E322 /* Resources */,
			);
			buildRules = (
			);
			dependencies = (
			);
			fileSystemSynchronizedGroups = (
				BCA44FE42E67AF490056E322 /* pokemonApp */,
			);
			name = pokemonApp;
			packageProductDependencies = (
			);
			productName = pokemonApp;
			productReference = BCA44FE22E67AF490056E322 /* pokemonApp.app */;
			productType = "com.apple.product-type.application";
		};
		BCA44FF12E67AF4B0056E322 /* pokemonAppTests */ = {
			isa = PBXNativeTarget;
			buildConfigurationList = BCA450092E67AF4B0056E322 /* Build configuration list for PBXNativeTarget "pokemonAppTests" */;
			buildPhases = (
				BCA44FEE2E67AF4B0056E322 /* Sources */,
				BCA44FEF2E67AF4B0056E322 /* Frameworks */,
				BCA44FF02E67AF4B0056E322 /* Resources */,
			);
			buildRules = (
			);
			dependencies = (
				BCA44FF42E67AF4B0056E322 /* PBXTargetDependency */,
			);
			fileSystemSynchronizedGroups = (
				BCA44FF52E67AF4B0056E322 /* pokemonAppTests */,
			);
			name = pokemonAppTests;
			packageProductDependencies = (
			);
			productName = pokemonAppTests;
			productReference = BCA44FF22E67AF4B0056E322 /* pokemonAppTests.xctest */;
			productType = "com.apple.product-type.bundle.unit-test";
		};
		BCA44FFB2E67AF4B0056E322 /* pokemonAppUITests */ = {
			isa = PBXNativeTarget;
			buildConfigurationList = BCA4500C2E67AF4B0056E322 /* Build configuration list for PBXNativeTarget "pokemonAppUITests" */;
			buildPhases = (
				BCA44FF82E67AF4B0056E322 /* Sources */,
				BCA44FF92E67AF4B0056E322 /* Frameworks */,
				BCA44FFA2E67AF4B0056E322 /* Resources */,
			);
			buildRules = (
			);
			dependencies = (
				BCA44FFE2E67AF4B0056E322 /* PBXTargetDependency */,
			);
			fileSystemSynchronizedGroups = (
				BCA44FFF2E67AF4B0056E322 /* pokemonAppUITests */,
			);
			name = pokemonAppUITests;
			packageProductDependencies = (
			);
			productName = pokemonAppUITests;
			productReference = BCA44FFC2E67AF4B0056E322 /* pokemonAppUITests.xctest */;
			productType = "com.apple.product-type.bundle.ui-testing";
		};
/* End PBXNativeTarget section */

/* Begin PBXProject section */
		BCA44FDA2E67AF490056E322 /* Project object */ = {
			isa = PBXProject;
			attributes = {
				BuildIndependentTargetsInParallel = 1;
				LastSwiftUpdateCheck = 1620;
				LastUpgradeCheck = 1620;
				TargetAttributes = {
					BCA44FE12E67AF490056E322 = {
						CreatedOnToolsVersion = 16.2;
					};
					BCA44FF12E67AF4B0056E322 = {
						CreatedOnToolsVersion = 16.2;
						TestTargetID = BCA44FE12E67AF490056E322;
					};
					BCA44FFB2E67AF4B0056E322 = {
						CreatedOnToolsVersion = 16.2;
						TestTargetID = BCA44FE12E67AF490056E322;
					};
				};
			};
			buildConfigurationList = BCA44FDD2E67AF490056E322 /* Build configuration list for PBXProject "pokemonApp" */;
			developmentRegion = en;
			hasScannedForEncodings = 0;
			knownRegions = (
				en,
				Base,
			);
			mainGroup = BCA44FD92E67AF490056E322;
			minimizedProjectReferenceProxies = 1;
			preferredProjectObjectVersion = 77;
			productRefGroup = BCA44FE32E67AF490056E322 /* Products */;
			projectDirPath = "";
			projectRoot = "";
			targets = (
				BCA44FE12E67AF490056E322 /* pokemonApp */,
				BCA44FF12E67AF4B0056E322 /* pokemonAppTests */,
				BCA44FFB2E67AF4B0056E322 /* pokemonAppUITests */,
			);
		};
/* End PBXProject section */

/* Begin PBXResourcesBuildPhase section */
		BCA44FE02E67AF490056E322 /* Resources */ = {
			isa = PBXResourcesBuildPhase;
			buildActionMask = 2147483647;
			files = (
			);
			runOnlyForDeploymentPostprocessing = 0;
		};
		BCA44FF02E67AF4B0056E322 /* Resources */ = {
			isa = PBXResourcesBuildPhase;
			buildActionMask = 2147483647;
			files = (
			);
			runOnlyForDeploymentPostprocessing = 0;
		};
		BCA44FFA2E67AF4B0056E322 /* Resources */ = {
			isa = PBXResourcesBuildPhase;
			buildActionMask = 2147483647;
			files = (
			);
			runOnlyForDeploymentPostprocessing = 0;
		};
/* End PBXResourcesBuildPhase section */

/* Begin PBXSourcesBuildPhase section */
		BCA44FDE2E67AF490056E322 /* Sources */ = {
			isa = PBXSourcesBuildPhase;
			buildActionMask = 2147483647;
			files = (
			);
			runOnlyForDeploymentPostprocessing = 0;
		};
		BCA44FEE2E67AF4B0056E322 /* Sources */ = {
			isa = PBXSourcesBuildPhase;
			buildActionMask = 2147483647;
			files = (
			);
			runOnlyForDeploymentPostprocessing = 0;
		};
		BCA44FF82E67AF4B0056E322 /* Sources */ = {
			isa = PBXSourcesBuildPhase;
			buildActionMask = 2147483647;
			files = (
			);
			runOnlyForDeploymentPostprocessing = 0;
		};
/* End PBXSourcesBuildPhase section */

/* Begin PBXTargetDependency section */
		BCA44FF42E67AF4B0056E322 /* PBXTargetDependency */ = {
			isa = PBXTargetDependency;
			target = BCA44FE12E67AF490056E322 /* pokemonApp */;
			targetProxy = BCA44FF32E67AF4B0056E322 /* PBXContainerItemProxy */;
		};
		BCA44FFE2E67AF4B0056E322 /* PBXTargetDependency */ = {
			isa = PBXTargetDependency;
			target = BCA44FE12E67AF490056E322 /* pokemonApp */;
			targetProxy = BCA44FFD2E67AF4B0056E322 /* PBXContainerItemProxy */;
		};
/* End PBXTargetDependency section */

/* Begin XCBuildConfiguration section */
		BCA450042E67AF4B0056E322 /* Debug */ = {
			isa = XCBuildConfiguration;
			buildSettings = {
				ALWAYS_SEARCH_USER_PATHS = NO;
				ASSETCATALOG_COMPILER_GENERATE_SWIFT_ASSET_SYMBOL_EXTENSIONS = YES;
				CLANG_ANALYZER_NONNULL = YES;
				CLANG_ANALYZER_NUMBER_OBJECT_CONVERSION = YES_AGGRESSIVE;
				CLANG_CXX_LANGUAGE_STANDARD = "gnu++20";
				CLANG_ENABLE_MODULES = YES;
				CLANG_ENABLE_OBJC_ARC = YES;
				CLANG_ENABLE_OBJC_WEAK = YES;
				CLANG_WARN_BLOCK_CAPTURE_AUTORELEASING = YES;
				CLANG_WARN_BOOL_CONVERSION = YES;
				CLANG_WARN_COMMA = YES;
				CLANG_WARN_CONSTANT_CONVERSION = YES;
				CLANG_WARN_DEPRECATED_OBJC_IMPLEMENTATIONS = YES;
				CLANG_WARN_DIRECT_OBJC_ISA_USAGE = YES_ERROR;
				CLANG_WARN_DOCUMENTATION_COMMENTS = YES;
				CLANG_WARN_EMPTY_BODY = YES;
				CLANG_WARN_ENUM_CONVERSION = YES;
				CLANG_WARN_INFINITE_RECURSION = YES;
				CLANG_WARN_INT_CONVERSION = YES;
				CLANG_WARN_NON_LITERAL_NULL_CONVERSION = YES;
				CLANG_WARN_OBJC_IMPLICIT_RETAIN_SELF = YES;
				CLANG_WARN_OBJC_LITERAL_CONVERSION = YES;
				CLANG_WARN_OBJC_ROOT_CLASS = YES_ERROR;
				CLANG_WARN_QUOTED_INCLUDE_IN_FRAMEWORK_HEADER = YES;
				CLANG_WARN_RANGE_LOOP_ANALYSIS = YES;
				CLANG_WARN_STRICT_PROTOTYPES = YES;
				CLANG_WARN_SUSPICIOUS_MOVE = YES;
				CLANG_WARN_UNGUARDED_AVAILABILITY = YES_AGGRESSIVE;
				CLANG_WARN_UNREACHABLE_CODE = YES;
				CLANG_WARN__DUPLICATE_METHOD_MATCH = YES;
				COPY_PHASE_STRIP = NO;
				DEBUG_INFORMATION_FORMAT = dwarf;
				ENABLE_STRICT_OBJC_MSGSEND = YES;
				ENABLE_TESTABILITY = YES;
				ENABLE_USER_SCRIPT_SANDBOXING = YES;
				GCC_C_LANGUAGE_STANDARD = gnu17;
				GCC_DYNAMIC_NO_PIC = NO;
				GCC_NO_COMMON_BLOCKS = YES;
				GCC_OPTIMIZATION_LEVEL = 0;
				GCC_PREPROCESSOR_DEFINITIONS = (
					"DEBUG=1",
					"$(inherited)",
				);
				GCC_WARN_64_TO_32_BIT_CONVERSION = YES;
				GCC_WARN_ABOUT_RETURN_TYPE = YES_ERROR;
				GCC_WARN_UNDECLARED_SELECTOR = YES;
				GCC_WARN_UNINITIALIZED_AUTOS = YES_AGGRESSIVE;
				GCC_WARN_UNUSED_FUNCTION = YES;
				GCC_WARN_UNUSED_VARIABLE = YES;
				IPHONEOS_DEPLOYMENT_TARGET = 18.2;
				LOCALIZATION_PREFERS_STRING_CATALOGS = YES;
				MTL_ENABLE_DEBUG_INFO = INCLUDE_SOURCE;
				MTL_FAST_MATH = YES;
				ONLY_ACTIVE_ARCH = YES;
				SDKROOT = iphoneos;
				SWIFT_ACTIVE_COMPILATION_CONDITIONS = "DEBUG $(inherited)";
				SWIFT_OPTIMIZATION_LEVEL = "-Onone";
			};
			name = Debug;
		};
		BCA450052E67AF4B0056E322 /* Release */ = {
			isa = XCBuildConfiguration;
			buildSettings = {
				ALWAYS_SEARCH_USER_PATHS = NO;
				ASSETCATALOG_COMPILER_GENERATE_SWIFT_ASSET_SYMBOL_EXTENSIONS = YES;
				CLANG_ANALYZER_NONNULL = YES;
				CLANG_ANALYZER_NUMBER_OBJECT_CONVERSION = YES_AGGRESSIVE;
				CLANG_CXX_LANGUAGE_STANDARD = "gnu++20";
				CLANG_ENABLE_MODULES = YES;
				CLANG_ENABLE_OBJC_ARC = YES;
				CLANG_ENABLE_OBJC_WEAK = YES;
				CLANG_WARN_BLOCK_CAPTURE_AUTORELEASING = YES;
				CLANG_WARN_BOOL_CONVERSION = YES;
				CLANG_WARN_COMMA = YES;
				CLANG_WARN_CONSTANT_CONVERSION = YES;
				CLANG_WARN_DEPRECATED_OBJC_IMPLEMENTATIONS = YES;
				CLANG_WARN_DIRECT_OBJC_ISA_USAGE = YES_ERROR;
				CLANG_WARN_DOCUMENTATION_COMMENTS = YES;
				CLANG_WARN_EMPTY_BODY = YES;
				CLANG_WARN_ENUM_CONVERSION = YES;
				CLANG_WARN_INFINITE_RECURSION = YES;
				CLANG_WARN_INT_CONVERSION = YES;
				CLANG_WARN_NON_LITERAL_NULL_CONVERSION = YES;
				CLANG_WARN_OBJC_IMPLICIT_RETAIN_SELF = YES;
				CLANG_WARN_OBJC_LITERAL_CONVERSION = YES;
				CLANG_WARN_OBJC_ROOT_CLASS = YES_ERROR;
				CLANG_WARN_QUOTED_INCLUDE_IN_FRAMEWORK_HEADER = YES;
				CLANG_WARN_RANGE_LOOP_ANALYSIS = YES;
				CLANG_WARN_STRICT_PROTOTYPES = YES;
				CLANG_WARN_SUSPICIOUS_MOVE = YES;
				CLANG_WARN_UNGUARDED_AVAILABILITY = YES_AGGRESSIVE;
				CLANG_WARN_UNREACHABLE_CODE = YES;
				CLANG_WARN__DUPLICATE_METHOD_MATCH = YES;
				COPY_PHASE_STRIP = NO;
				DEBUG_INFORMATION_FORMAT = "dwarf-with-dsym";
				ENABLE_NS_ASSERTIONS = NO;
				ENABLE_STRICT_OBJC_MSGSEND = YES;
				ENABLE_USER_SCRIPT_SANDBOXING = YES;
				GCC_C_LANGUAGE_STANDARD = gnu17;
				GCC_NO_COMMON_BLOCKS = YES;
				GCC_WARN_64_TO_32_BIT_CONVERSION = YES;
				GCC_WARN_ABOUT_RETURN_TYPE = YES_ERROR;
				GCC_WARN_UNDECLARED_SELECTOR = YES;
				GCC_WARN_UNINITIALIZED_AUTOS = YES_AGGRESSIVE;
				GCC_WARN_UNUSED_FUNCTION = YES;
				GCC_WARN_UNUSED_VARIABLE = YES;
				IPHONEOS_DEPLOYMENT_TARGET = 18.2;
				LOCALIZATION_PREFERS_STRING_CATALOGS = YES;
				MTL_ENABLE_DEBUG_INFO = NO;
				MTL_FAST_MATH = YES;
				SDKROOT = iphoneos;
				SWIFT_COMPILATION_MODE = wholemodule;
				VALIDATE_PRODUCT = YES;
			};
			name = Release;
		};
		BCA450072E67AF4B0056E322 /* Debug */ = {
			isa = XCBuildConfiguration;
			buildSettings = {
				ASSETCATALOG_COMPILER_APPICON_NAME = AppIcon;
				ASSETCATALOG_COMPILER_GLOBAL_ACCENT_COLOR_NAME = AccentColor;
				CODE_SIGN_STYLE = Automatic;
				CURRENT_PROJECT_VERSION = 1;
				DEVELOPMENT_ASSET_PATHS = "\"pokemonApp/Preview Content\"";
				ENABLE_PREVIEWS = YES;
				GENERATE_INFOPLIST_FILE = YES;
				INFOPLIST_KEY_UIApplicationSceneManifest_Generation = YES;
				INFOPLIST_KEY_UIApplicationSupportsIndirectInputEvents = YES;
				INFOPLIST_KEY_UILaunchScreen_Generation = YES;
				INFOPLIST_KEY_UISupportedInterfaceOrientations_iPad = "UIInterfaceOrientationPortrait UIInterfaceOrientationPortraitUpsideDown UIInterfaceOrientationLandscapeLeft UIInterfaceOrientationLandscapeRight";
				INFOPLIST_KEY_UISupportedInterfaceOrientations_iPhone = "UIInterfaceOrientationPortrait UIInterfaceOrientationLandscapeLeft UIInterfaceOrientationLandscapeRight";
				LD_RUNPATH_SEARCH_PATHS = (
					"$(inherited)",
					"@executable_path/Frameworks",
				);
				MARKETING_VERSION = 1.0;
				PRODUCT_BUNDLE_IDENTIFIER = emi.pokemonApp;
				PRODUCT_NAME = "$(TARGET_NAME)";
				SWIFT_EMIT_LOC_STRINGS = YES;
				SWIFT_VERSION = 5.0;
				TARGETED_DEVICE_FAMILY = "1,2";
			};
			name = Debug;
		};
		BCA450082E67AF4B0056E322 /* Release */ = {
			isa = XCBuildConfiguration;
			buildSettings = {
				ASSETCATALOG_COMPILER_APPICON_NAME = AppIcon;
				ASSETCATALOG_COMPILER_GLOBAL_ACCENT_COLOR_NAME = AccentColor;
				CODE_SIGN_STYLE = Automatic;
				CURRENT_PROJECT_VERSION = 1;
				DEVELOPMENT_ASSET_PATHS = "\"pokemonApp/Preview Content\"";
				ENABLE_PREVIEWS = YES;
				GENERATE_INFOPLIST_FILE = YES;
				INFOPLIST_KEY_UIApplicationSceneManifest_Generation = YES;
				INFOPLIST_KEY_UIApplicationSupportsIndirectInputEvents = YES;
				INFOPLIST_KEY_UILaunchScreen_Generation = YES;
				INFOPLIST_KEY_UISupportedInterfaceOrientations_iPad = "UIInterfaceOrientationPortrait UIInterfaceOrientationPortraitUpsideDown UIInterfaceOrientationLandscapeLeft UIInterfaceOrientationLandscapeRight";
				INFOPLIST_KEY_UISupportedInterfaceOrientations_iPhone = "UIInterfaceOrientationPortrait UIInterfaceOrientationLandscapeLeft UIInterfaceOrientationLandscapeRight";
				LD_RUNPATH_SEARCH_PATHS = (
					"$(inherited)",
					"@executable_path/Frameworks",
				);
				MARKETING_VERSION = 1.0;
				PRODUCT_BUNDLE_IDENTIFIER = emi.pokemonApp;
				PRODUCT_NAME = "$(TARGET_NAME)";
				SWIFT_EMIT_LOC_STRINGS = YES;
				SWIFT_VERSION = 5.0;
				TARGETED_DEVICE_FAMILY = "1,2";
			};
			name = Release;
		};
		BCA4500A2E67AF4B0056E322 /* Debug */ = {
			isa = XCBuildConfiguration;
			buildSettings = {
				BUNDLE_LOADER = "$(TEST_HOST)";
				CODE_SIGN_STYLE = Automatic;
				CURRENT_PROJECT_VERSION = 1;
				GENERATE_INFOPLIST_FILE = YES;
				IPHONEOS_DEPLOYMENT_TARGET = 18.2;
				MARKETING_VERSION = 1.0;
				PRODUCT_BUNDLE_IDENTIFIER = emi.pokemonAppTests;
				PRODUCT_NAME = "$(TARGET_NAME)";
				SWIFT_EMIT_LOC_STRINGS = NO;
				SWIFT_VERSION = 5.0;
				TARGETED_DEVICE_FAMILY = "1,2";
				TEST_HOST = "$(BUILT_PRODUCTS_DIR)/pokemonApp.app/$(BUNDLE_EXECUTABLE_FOLDER_PATH)/pokemonApp";
			};
			name = Debug;
		};
		BCA4500B2E67AF4B0056E322 /* Release */ = {
			isa = XCBuildConfiguration;
			buildSettings = {
				BUNDLE_LOADER = "$(TEST_HOST)";
				CODE_SIGN_STYLE = Automatic;
				CURRENT_PROJECT_VERSION = 1;
				GENERATE_INFOPLIST_FILE = YES;
				IPHONEOS_DEPLOYMENT_TARGET = 18.2;
				MARKETING_VERSION = 1.0;
				PRODUCT_BUNDLE_IDENTIFIER = emi.pokemonAppTests;
				PRODUCT_NAME = "$(TARGET_NAME)";
				SWIFT_EMIT_LOC_STRINGS = NO;
				SWIFT_VERSION = 5.0;
				TARGETED_DEVICE_FAMILY = "1,2";
				TEST_HOST = "$(BUILT_PRODUCTS_DIR)/pokemonApp.app/$(BUNDLE_EXECUTABLE_FOLDER_PATH)/pokemonApp";
			};
			name = Release;
		};
		BCA4500D2E67AF4B0056E322 /* Debug */ = {
			isa = XCBuildConfiguration;
			buildSettings = {
				CODE_SIGN_STYLE = Automatic;
				CURRENT_PROJECT_VERSION = 1;
				GENERATE_INFOPLIST_FILE = YES;
				MARKETING_VERSION = 1.0;
				PRODUCT_BUNDLE_IDENTIFIER = emi.pokemonAppUITests;
				PRODUCT_NAME = "$(TARGET_NAME)";
				SWIFT_EMIT_LOC_STRINGS = NO;
				SWIFT_VERSION = 5.0;
				TARGETED_DEVICE_FAMILY = "1,2";
				TEST_TARGET_NAME = pokemonApp;
			};
			name = Debug;
		};
		BCA4500E2E67AF4B0056E322 /* Release */ = {
			isa = XCBuildConfiguration;
			buildSettings = {
				CODE_SIGN_STYLE = Automatic;
				CURRENT_PROJECT_VERSION = 1;
				GENERATE_INFOPLIST_FILE = YES;
				MARKETING_VERSION = 1.0;
				PRODUCT_BUNDLE_IDENTIFIER = emi.pokemonAppUITests;
				PRODUCT_NAME = "$(TARGET_NAME)";
				SWIFT_EMIT_LOC_STRINGS = NO;
				SWIFT_VERSION = 5.0;
				TARGETED_DEVICE_FAMILY = "1,2";
				TEST_TARGET_NAME = pokemonApp;
			};
			name = Release;
		};
/* End XCBuildConfiguration section */

/* Begin XCConfigurationList section */
		BCA44FDD2E67AF490056E322 /* Build configuration list for PBXProject "pokemonApp" */ = {
			isa = XCConfigurationList;
			buildConfigurations = (
				BCA450042E67AF4B0056E322 /* Debug */,
				BCA450052E67AF4B0056E322 /* Release */,
			);
			defaultConfigurationIsVisible = 0;
			defaultConfigurationName = Release;
		};
		BCA450062E67AF4B0056E322 /* Build configuration list for PBXNativeTarget "pokemonApp" */ = {
			isa = XCConfigurationList;
			buildConfigurations = (
				BCA450072E67AF4B0056E322 /* Debug */,
				BCA450082E67AF4B0056E322 /* Release */,
			);
			defaultConfigurationIsVisible = 0;
			defaultConfigurationName = Release;
		};
		BCA450092E67AF4B0056E322 /* Build configuration list for PBXNativeTarget "pokemonAppTests" */ = {
			isa = XCConfigurationList;
			buildConfigurations = (
				BCA4500A2E67AF4B0056E322 /* Debug */,
				BCA4500B2E67AF4B0056E322 /* Release */,
			);
			defaultConfigurationIsVisible = 0;
			defaultConfigurationName = Release;
		};
		BCA4500C2E67AF4B0056E322 /* Build configuration list for PBXNativeTarget "pokemonAppUITests" */ = {
			isa = XCConfigurationList;
			buildConfigurations = (
				BCA4500D2E67AF4B0056E322 /* Debug */,
				BCA4500E2E67AF4B0056E322 /* Release */,
			);
			defaultConfigurationIsVisible = 0;
			defaultConfigurationName = Release;
		};
/* End XCConfigurationList section */
	};
	rootObject = BCA44FDA2E67AF490056E322 /* Project object */;
}
