// !$*UTF8*$!
{
	archiveVersion = 1;
	classes = {
	};
	objectVersion = 77;
	objects = {

/* Begin PBXContainerItemProxy section */
		BC4374D72E70DF95008DBD3D /* PBXContainerItemProxy */ = {
			isa = PBXContainerItemProxy;
			containerPortal = BC4374BE2E70DF94008DBD3D /* Project object */;
			proxyType = 1;
			remoteGlobalIDString = BC4374C52E70DF94008DBD3D;
			remoteInfo = VideoPlayerApp;
		};
		BC4374E12E70DF95008DBD3D /* PBXContainerItemProxy */ = {
			isa = PBXContainerItemProxy;
			containerPortal = BC4374BE2E70DF94008DBD3D /* Project object */;
			proxyType = 1;
			remoteGlobalIDString = BC4374C52E70DF94008DBD3D;
			remoteInfo = VideoPlayerApp;
		};
/* End PBXContainerItemProxy section */

/* Begin PBXFileReference section */
		BC4374C62E70DF94008DBD3D /* VideoPlayerApp.app */ = {isa = PBXFileReference; explicitFileType = wrapper.application; includeInIndex = 0; path = VideoPlayerApp.app; sourceTree = BUILT_PRODUCTS_DIR; };
		BC4374D62E70DF95008DBD3D /* VideoPlayerAppTests.xctest */ = {isa = PBXFileReference; explicitFileType = wrapper.cfbundle; includeInIndex = 0; path = VideoPlayerAppTests.xctest; sourceTree = BUILT_PRODUCTS_DIR; };
		BC4374E02E70DF95008DBD3D /* VideoPlayerAppUITests.xctest */ = {isa = PBXFileReference; explicitFileType = wrapper.cfbundle; includeInIndex = 0; path = VideoPlayerAppUITests.xctest; sourceTree = BUILT_PRODUCTS_DIR; };
/* End PBXFileReference section */

/* Begin PBXFileSystemSynchronizedRootGroup section */
		BC4374C82E70DF94008DBD3D /* VideoPlayerApp */ = {
			isa = PBXFileSystemSynchronizedRootGroup;
			path = VideoPlayerApp;
			sourceTree = "<group>";
		};
		BC4374D92E70DF95008DBD3D /* VideoPlayerAppTests */ = {
			isa = PBXFileSystemSynchronizedRootGroup;
			path = VideoPlayerAppTests;
			sourceTree = "<group>";
		};
		BC4374E32E70DF95008DBD3D /* VideoPlayerAppUITests */ = {
			isa = PBXFileSystemSynchronizedRootGroup;
			path = VideoPlayerAppUITests;
			sourceTree = "<group>";
		};
/* End PBXFileSystemSynchronizedRootGroup section */

/* Begin PBXFrameworksBuildPhase section */
		BC4374C32E70DF94008DBD3D /* Frameworks */ = {
			isa = PBXFrameworksBuildPhase;
			buildActionMask = 2147483647;
			files = (
			);
			runOnlyForDeploymentPostprocessing = 0;
		};
		BC4374D32E70DF95008DBD3D /* Frameworks */ = {
			isa = PBXFrameworksBuildPhase;
			buildActionMask = 2147483647;
			files = (
			);
			runOnlyForDeploymentPostprocessing = 0;
		};
		BC4374DD2E70DF95008DBD3D /* Frameworks */ = {
			isa = PBXFrameworksBuildPhase;
			buildActionMask = 2147483647;
			files = (
			);
			runOnlyForDeploymentPostprocessing = 0;
		};
/* End PBXFrameworksBuildPhase section */

/* Begin PBXGroup section */
		BC4374BD2E70DF94008DBD3D = {
			isa = PBXGroup;
			children = (
				BC4374C82E70DF94008DBD3D /* VideoPlayerApp */,
				BC4374D92E70DF95008DBD3D /* VideoPlayerAppTests */,
				BC4374E32E70DF95008DBD3D /* VideoPlayerAppUITests */,
				BC4374C72E70DF94008DBD3D /* Products */,
			);
			sourceTree = "<group>";
		};
		BC4374C72E70DF94008DBD3D /* Products */ = {
			isa = PBXGroup;
			children = (
				BC4374C62E70DF94008DBD3D /* VideoPlayerApp.app */,
				BC4374D62E70DF95008DBD3D /* VideoPlayerAppTests.xctest */,
				BC4374E02E70DF95008DBD3D /* VideoPlayerAppUITests.xctest */,
			);
			name = Products;
			sourceTree = "<group>";
		};
/* End PBXGroup section */

/* Begin PBXNativeTarget section */
		BC4374C52E70DF94008DBD3D /* VideoPlayerApp */ = {
			isa = PBXNativeTarget;
			buildConfigurationList = BC4374EA2E70DF95008DBD3D /* Build configuration list for PBXNativeTarget "VideoPlayerApp" */;
			buildPhases = (
				BC4374C22E70DF94008DBD3D /* Sources */,
				BC4374C32E70DF94008DBD3D /* Frameworks */,
				BC4374C42E70DF94008DBD3D /* Resources */,
			);
			buildRules = (
			);
			dependencies = (
			);
			fileSystemSynchronizedGroups = (
				BC4374C82E70DF94008DBD3D /* VideoPlayerApp */,
			);
			name = VideoPlayerApp;
			packageProductDependencies = (
			);
			productName = VideoPlayerApp;
			productReference = BC4374C62E70DF94008DBD3D /* VideoPlayerApp.app */;
			productType = "com.apple.product-type.application";
		};
		BC4374D52E70DF95008DBD3D /* VideoPlayerAppTests */ = {
			isa = PBXNativeTarget;
			buildConfigurationList = BC4374ED2E70DF95008DBD3D /* Build configuration list for PBXNativeTarget "VideoPlayerAppTests" */;
			buildPhases = (
				BC4374D22E70DF95008DBD3D /* Sources */,
				BC4374D32E70DF95008DBD3D /* Frameworks */,
				BC4374D42E70DF95008DBD3D /* Resources */,
			);
			buildRules = (
			);
			dependencies = (
				BC4374D82E70DF95008DBD3D /* PBXTargetDependency */,
			);
			fileSystemSynchronizedGroups = (
				BC4374D92E70DF95008DBD3D /* VideoPlayerAppTests */,
			);
			name = VideoPlayerAppTests;
			packageProductDependencies = (
			);
			productName = VideoPlayerAppTests;
			productReference = BC4374D62E70DF95008DBD3D /* VideoPlayerAppTests.xctest */;
			productType = "com.apple.product-type.bundle.unit-test";
		};
		BC4374DF2E70DF95008DBD3D /* VideoPlayerAppUITests */ = {
			isa = PBXNativeTarget;
			buildConfigurationList = BC4374F02E70DF95008DBD3D /* Build configuration list for PBXNativeTarget "VideoPlayerAppUITests" */;
			buildPhases = (
				BC4374DC2E70DF95008DBD3D /* Sources */,
				BC4374DD2E70DF95008DBD3D /* Frameworks */,
				BC4374DE2E70DF95008DBD3D /* Resources */,
			);
			buildRules = (
			);
			dependencies = (
				BC4374E22E70DF95008DBD3D /* PBXTargetDependency */,
			);
			fileSystemSynchronizedGroups = (
				BC4374E32E70DF95008DBD3D /* VideoPlayerAppUITests */,
			);
			name = VideoPlayerAppUITests;
			packageProductDependencies = (
			);
			productName = VideoPlayerAppUITests;
			productReference = BC4374E02E70DF95008DBD3D /* VideoPlayerAppUITests.xctest */;
			productType = "com.apple.product-type.bundle.ui-testing";
		};
/* End PBXNativeTarget section */

/* Begin PBXProject section */
		BC4374BE2E70DF94008DBD3D /* Project object */ = {
			isa = PBXProject;
			attributes = {
				BuildIndependentTargetsInParallel = 1;
				LastSwiftUpdateCheck = 1620;
				LastUpgradeCheck = 1620;
				TargetAttributes = {
					BC4374C52E70DF94008DBD3D = {
						CreatedOnToolsVersion = 16.2;
					};
					BC4374D52E70DF95008DBD3D = {
						CreatedOnToolsVersion = 16.2;
						TestTargetID = BC4374C52E70DF94008DBD3D;
					};
					BC4374DF2E70DF95008DBD3D = {
						CreatedOnToolsVersion = 16.2;
						TestTargetID = BC4374C52E70DF94008DBD3D;
					};
				};
			};
			buildConfigurationList = BC4374C12E70DF94008DBD3D /* Build configuration list for PBXProject "VideoPlayerApp" */;
			developmentRegion = en;
			hasScannedForEncodings = 0;
			knownRegions = (
				en,
				Base,
			);
			mainGroup = BC4374BD2E70DF94008DBD3D;
			minimizedProjectReferenceProxies = 1;
			preferredProjectObjectVersion = 77;
			productRefGroup = BC4374C72E70DF94008DBD3D /* Products */;
			projectDirPath = "";
			projectRoot = "";
			targets = (
				BC4374C52E70DF94008DBD3D /* VideoPlayerApp */,
				BC4374D52E70DF95008DBD3D /* VideoPlayerAppTests */,
				BC4374DF2E70DF95008DBD3D /* VideoPlayerAppUITests */,
			);
		};
/* End PBXProject section */

/* Begin PBXResourcesBuildPhase section */
		BC4374C42E70DF94008DBD3D /* Resources */ = {
			isa = PBXResourcesBuildPhase;
			buildActionMask = 2147483647;
			files = (
			);
			runOnlyForDeploymentPostprocessing = 0;
		};
		BC4374D42E70DF95008DBD3D /* Resources */ = {
			isa = PBXResourcesBuildPhase;
			buildActionMask = 2147483647;
			files = (
			);
			runOnlyForDeploymentPostprocessing = 0;
		};
		BC4374DE2E70DF95008DBD3D /* Resources */ = {
			isa = PBXResourcesBuildPhase;
			buildActionMask = 2147483647;
			files = (
			);
			runOnlyForDeploymentPostprocessing = 0;
		};
/* End PBXResourcesBuildPhase section */

/* Begin PBXSourcesBuildPhase section */
		BC4374C22E70DF94008DBD3D /* Sources */ = {
			isa = PBXSourcesBuildPhase;
			buildActionMask = 2147483647;
			files = (
			);
			runOnlyForDeploymentPostprocessing = 0;
		};
		BC4374D22E70DF95008DBD3D /* Sources */ = {
			isa = PBXSourcesBuildPhase;
			buildActionMask = 2147483647;
			files = (
			);
			runOnlyForDeploymentPostprocessing = 0;
		};
		BC4374DC2E70DF95008DBD3D /* Sources */ = {
			isa = PBXSourcesBuildPhase;
			buildActionMask = 2147483647;
			files = (
			);
			runOnlyForDeploymentPostprocessing = 0;
		};
/* End PBXSourcesBuildPhase section */

/* Begin PBXTargetDependency section */
		BC4374D82E70DF95008DBD3D /* PBXTargetDependency */ = {
			isa = PBXTargetDependency;
			target = BC4374C52E70DF94008DBD3D /* VideoPlayerApp */;
			targetProxy = BC4374D72E70DF95008DBD3D /* PBXContainerItemProxy */;
		};
		BC4374E22E70DF95008DBD3D /* PBXTargetDependency */ = {
			isa = PBXTargetDependency;
			target = BC4374C52E70DF94008DBD3D /* VideoPlayerApp */;
			targetProxy = BC4374E12E70DF95008DBD3D /* PBXContainerItemProxy */;
		};
/* End PBXTargetDependency section */

/* Begin XCBuildConfiguration section */
		BC4374E82E70DF95008DBD3D /* Debug */ = {
			isa = XCBuildConfiguration;
			buildSettings = {
				ALWAYS_SEARCH_USER_PATHS = NO;
				ASSETCATALOG_COMPILER_GENERATE_SWIFT_ASSET_SYMBOL_EXTENSIONS = YES;
				CLANG_ANALYZER_NONNULL = YES;
				CLANG_ANALYZER_NUMBER_OBJECT_CONVERSION = YES_AGGRESSIVE;
				CLANG_CXX_LANGUAGE_STANDARD = "gnu++20";
				CLANG_ENABLE_MODULES = YES;
				CLANG_ENABLE_OBJC_ARC = YES;
				CLANG_ENABLE_OBJC_WEAK = YES;
				CLANG_WARN_BLOCK_CAPTURE_AUTORELEASING = YES;
				CLANG_WARN_BOOL_CONVERSION = YES;
				CLANG_WARN_COMMA = YES;
				CLANG_WARN_CONSTANT_CONVERSION = YES;
				CLANG_WARN_DEPRECATED_OBJC_IMPLEMENTATIONS = YES;
				CLANG_WARN_DIRECT_OBJC_ISA_USAGE = YES_ERROR;
				CLANG_WARN_DOCUMENTATION_COMMENTS = YES;
				CLANG_WARN_EMPTY_BODY = YES;
				CLANG_WARN_ENUM_CONVERSION = YES;
				CLANG_WARN_INFINITE_RECURSION = YES;
				CLANG_WARN_INT_CONVERSION = YES;
				CLANG_WARN_NON_LITERAL_NULL_CONVERSION = YES;
				CLANG_WARN_OBJC_IMPLICIT_RETAIN_SELF = YES;
				CLANG_WARN_OBJC_LITERAL_CONVERSION = YES;
				CLANG_WARN_OBJC_ROOT_CLASS = YES_ERROR;
				CLANG_WARN_QUOTED_INCLUDE_IN_FRAMEWORK_HEADER = YES;
				CLANG_WARN_RANGE_LOOP_ANALYSIS = YES;
				CLANG_WARN_STRICT_PROTOTYPES = YES;
				CLANG_WARN_SUSPICIOUS_MOVE = YES;
				CLANG_WARN_UNGUARDED_AVAILABILITY = YES_AGGRESSIVE;
				CLANG_WARN_UNREACHABLE_CODE = YES;
				CLANG_WARN__DUPLICATE_METHOD_MATCH = YES;
				COPY_PHASE_STRIP = NO;
				DEBUG_INFORMATION_FORMAT = dwarf;
				ENABLE_STRICT_OBJC_MSGSEND = YES;
				ENABLE_TESTABILITY = YES;
				ENABLE_USER_SCRIPT_SANDBOXING = YES;
				GCC_C_LANGUAGE_STANDARD = gnu17;
				GCC_DYNAMIC_NO_PIC = NO;
				GCC_NO_COMMON_BLOCKS = YES;
				GCC_OPTIMIZATION_LEVEL = 0;
				GCC_PREPROCESSOR_DEFINITIONS = (
					"DEBUG=1",
					"$(inherited)",
				);
				GCC_WARN_64_TO_32_BIT_CONVERSION = YES;
				GCC_WARN_ABOUT_RETURN_TYPE = YES_ERROR;
				GCC_WARN_UNDECLARED_SELECTOR = YES;
				GCC_WARN_UNINITIALIZED_AUTOS = YES_AGGRESSIVE;
				GCC_WARN_UNUSED_FUNCTION = YES;
				GCC_WARN_UNUSED_VARIABLE = YES;
				IPHONEOS_DEPLOYMENT_TARGET = 18.2;
				LOCALIZATION_PREFERS_STRING_CATALOGS = YES;
				MTL_ENABLE_DEBUG_INFO = INCLUDE_SOURCE;
				MTL_FAST_MATH = YES;
				ONLY_ACTIVE_ARCH = YES;
				SDKROOT = iphoneos;
				SWIFT_ACTIVE_COMPILATION_CONDITIONS = "DEBUG $(inherited)";
				SWIFT_OPTIMIZATION_LEVEL = "-Onone";
			};
			name = Debug;
		};
		BC4374E92E70DF95008DBD3D /* Release */ = {
			isa = XCBuildConfiguration;
			buildSettings = {
				ALWAYS_SEARCH_USER_PATHS = NO;
				ASSETCATALOG_COMPILER_GENERATE_SWIFT_ASSET_SYMBOL_EXTENSIONS = YES;
				CLANG_ANALYZER_NONNULL = YES;
				CLANG_ANALYZER_NUMBER_OBJECT_CONVERSION = YES_AGGRESSIVE;
				CLANG_CXX_LANGUAGE_STANDARD = "gnu++20";
				CLANG_ENABLE_MODULES = YES;
				CLANG_ENABLE_OBJC_ARC = YES;
				CLANG_ENABLE_OBJC_WEAK = YES;
				CLANG_WARN_BLOCK_CAPTURE_AUTORELEASING = YES;
				CLANG_WARN_BOOL_CONVERSION = YES;
				CLANG_WARN_COMMA = YES;
				CLANG_WARN_CONSTANT_CONVERSION = YES;
				CLANG_WARN_DEPRECATED_OBJC_IMPLEMENTATIONS = YES;
				CLANG_WARN_DIRECT_OBJC_ISA_USAGE = YES_ERROR;
				CLANG_WARN_DOCUMENTATION_COMMENTS = YES;
				CLANG_WARN_EMPTY_BODY = YES;
				CLANG_WARN_ENUM_CONVERSION = YES;
				CLANG_WARN_INFINITE_RECURSION = YES;
				CLANG_WARN_INT_CONVERSION = YES;
				CLANG_WARN_NON_LITERAL_NULL_CONVERSION = YES;
				CLANG_WARN_OBJC_IMPLICIT_RETAIN_SELF = YES;
				CLANG_WARN_OBJC_LITERAL_CONVERSION = YES;
				CLANG_WARN_OBJC_ROOT_CLASS = YES_ERROR;
				CLANG_WARN_QUOTED_INCLUDE_IN_FRAMEWORK_HEADER = YES;
				CLANG_WARN_RANGE_LOOP_ANALYSIS = YES;
				CLANG_WARN_STRICT_PROTOTYPES = YES;
				CLANG_WARN_SUSPICIOUS_MOVE = YES;
				CLANG_WARN_UNGUARDED_AVAILABILITY = YES_AGGRESSIVE;
				CLANG_WARN_UNREACHABLE_CODE = YES;
				CLANG_WARN__DUPLICATE_METHOD_MATCH = YES;
				COPY_PHASE_STRIP = NO;
				DEBUG_INFORMATION_FORMAT = "dwarf-with-dsym";
				ENABLE_NS_ASSERTIONS = NO;
				ENABLE_STRICT_OBJC_MSGSEND = YES;
				ENABLE_USER_SCRIPT_SANDBOXING = YES;
				GCC_C_LANGUAGE_STANDARD = gnu17;
				GCC_NO_COMMON_BLOCKS = YES;
				GCC_WARN_64_TO_32_BIT_CONVERSION = YES;
				GCC_WARN_ABOUT_RETURN_TYPE = YES_ERROR;
				GCC_WARN_UNDECLARED_SELECTOR = YES;
				GCC_WARN_UNINITIALIZED_AUTOS = YES_AGGRESSIVE;
				GCC_WARN_UNUSED_FUNCTION = YES;
				GCC_WARN_UNUSED_VARIABLE = YES;
				IPHONEOS_DEPLOYMENT_TARGET = 18.2;
				LOCALIZATION_PREFERS_STRING_CATALOGS = YES;
				MTL_ENABLE_DEBUG_INFO = NO;
				MTL_FAST_MATH = YES;
				SDKROOT = iphoneos;
				SWIFT_COMPILATION_MODE = wholemodule;
				VALIDATE_PRODUCT = YES;
			};
			name = Release;
		};
		BC4374EB2E70DF95008DBD3D /* Debug */ = {
			isa = XCBuildConfiguration;
			buildSettings = {
				ASSETCATALOG_COMPILER_APPICON_NAME = AppIcon;
				ASSETCATALOG_COMPILER_GLOBAL_ACCENT_COLOR_NAME = AccentColor;
				CODE_SIGN_STYLE = Automatic;
				CURRENT_PROJECT_VERSION = 1;
				DEVELOPMENT_ASSET_PATHS = "\"VideoPlayerApp/Preview Content\"";
				ENABLE_PREVIEWS = YES;
				GENERATE_INFOPLIST_FILE = YES;
				INFOPLIST_KEY_UIApplicationSceneManifest_Generation = YES;
				INFOPLIST_KEY_UIApplicationSupportsIndirectInputEvents = YES;
				INFOPLIST_KEY_UILaunchScreen_Generation = YES;
				INFOPLIST_KEY_UISupportedInterfaceOrientations_iPad = "UIInterfaceOrientationPortrait UIInterfaceOrientationPortraitUpsideDown UIInterfaceOrientationLandscapeLeft UIInterfaceOrientationLandscapeRight";
				INFOPLIST_KEY_UISupportedInterfaceOrientations_iPhone = "UIInterfaceOrientationPortrait UIInterfaceOrientationLandscapeLeft UIInterfaceOrientationLandscapeRight";
				LD_RUNPATH_SEARCH_PATHS = (
					"$(inherited)",
					"@executable_path/Frameworks",
				);
				MARKETING_VERSION = 1.0;
				PRODUCT_BUNDLE_IDENTIFIER = emi.VideoPlayerApp;
				PRODUCT_NAME = "$(TARGET_NAME)";
				SWIFT_EMIT_LOC_STRINGS = YES;
				SWIFT_VERSION = 5.0;
				TARGETED_DEVICE_FAMILY = "1,2";
			};
			name = Debug;
		};
		BC4374EC2E70DF95008DBD3D /* Release */ = {
			isa = XCBuildConfiguration;
			buildSettings = {
				ASSETCATALOG_COMPILER_APPICON_NAME = AppIcon;
				ASSETCATALOG_COMPILER_GLOBAL_ACCENT_COLOR_NAME = AccentColor;
				CODE_SIGN_STYLE = Automatic;
				CURRENT_PROJECT_VERSION = 1;
				DEVELOPMENT_ASSET_PATHS = "\"VideoPlayerApp/Preview Content\"";
				ENABLE_PREVIEWS = YES;
				GENERATE_INFOPLIST_FILE = YES;
				INFOPLIST_KEY_UIApplicationSceneManifest_Generation = YES;
				INFOPLIST_KEY_UIApplicationSupportsIndirectInputEvents = YES;
				INFOPLIST_KEY_UILaunchScreen_Generation = YES;
				INFOPLIST_KEY_UISupportedInterfaceOrientations_iPad = "UIInterfaceOrientationPortrait UIInterfaceOrientationPortraitUpsideDown UIInterfaceOrientationLandscapeLeft UIInterfaceOrientationLandscapeRight";
				INFOPLIST_KEY_UISupportedInterfaceOrientations_iPhone = "UIInterfaceOrientationPortrait UIInterfaceOrientationLandscapeLeft UIInterfaceOrientationLandscapeRight";
				LD_RUNPATH_SEARCH_PATHS = (
					"$(inherited)",
					"@executable_path/Frameworks",
				);
				MARKETING_VERSION = 1.0;
				PRODUCT_BUNDLE_IDENTIFIER = emi.VideoPlayerApp;
				PRODUCT_NAME = "$(TARGET_NAME)";
				SWIFT_EMIT_LOC_STRINGS = YES;
				SWIFT_VERSION = 5.0;
				TARGETED_DEVICE_FAMILY = "1,2";
			};
			name = Release;
		};
		BC4374EE2E70DF95008DBD3D /* Debug */ = {
			isa = XCBuildConfiguration;
			buildSettings = {
				BUNDLE_LOADER = "$(TEST_HOST)";
				CODE_SIGN_STYLE = Automatic;
				CURRENT_PROJECT_VERSION = 1;
				GENERATE_INFOPLIST_FILE = YES;
				IPHONEOS_DEPLOYMENT_TARGET = 18.2;
				MARKETING_VERSION = 1.0;
				PRODUCT_BUNDLE_IDENTIFIER = emi.VideoPlayerAppTests;
				PRODUCT_NAME = "$(TARGET_NAME)";
				SWIFT_EMIT_LOC_STRINGS = NO;
				SWIFT_VERSION = 5.0;
				TARGETED_DEVICE_FAMILY = "1,2";
				TEST_HOST = "$(BUILT_PRODUCTS_DIR)/VideoPlayerApp.app/$(BUNDLE_EXECUTABLE_FOLDER_PATH)/VideoPlayerApp";
			};
			name = Debug;
		};
		BC4374EF2E70DF95008DBD3D /* Release */ = {
			isa = XCBuildConfiguration;
			buildSettings = {
				BUNDLE_LOADER = "$(TEST_HOST)";
				CODE_SIGN_STYLE = Automatic;
				CURRENT_PROJECT_VERSION = 1;
				GENERATE_INFOPLIST_FILE = YES;
				IPHONEOS_DEPLOYMENT_TARGET = 18.2;
				MARKETING_VERSION = 1.0;
				PRODUCT_BUNDLE_IDENTIFIER = emi.VideoPlayerAppTests;
				PRODUCT_NAME = "$(TARGET_NAME)";
				SWIFT_EMIT_LOC_STRINGS = NO;
				SWIFT_VERSION = 5.0;
				TARGETED_DEVICE_FAMILY = "1,2";
				TEST_HOST = "$(BUILT_PRODUCTS_DIR)/VideoPlayerApp.app/$(BUNDLE_EXECUTABLE_FOLDER_PATH)/VideoPlayerApp";
			};
			name = Release;
		};
		BC4374F12E70DF95008DBD3D /* Debug */ = {
			isa = XCBuildConfiguration;
			buildSettings = {
				CODE_SIGN_STYLE = Automatic;
				CURRENT_PROJECT_VERSION = 1;
				GENERATE_INFOPLIST_FILE = YES;
				MARKETING_VERSION = 1.0;
				PRODUCT_BUNDLE_IDENTIFIER = emi.VideoPlayerAppUITests;
				PRODUCT_NAME = "$(TARGET_NAME)";
				SWIFT_EMIT_LOC_STRINGS = NO;
				SWIFT_VERSION = 5.0;
				TARGETED_DEVICE_FAMILY = "1,2";
				TEST_TARGET_NAME = VideoPlayerApp;
			};
			name = Debug;
		};
		BC4374F22E70DF95008DBD3D /* Release */ = {
			isa = XCBuildConfiguration;
			buildSettings = {
				CODE_SIGN_STYLE = Automatic;
				CURRENT_PROJECT_VERSION = 1;
				GENERATE_INFOPLIST_FILE = YES;
				MARKETING_VERSION = 1.0;
				PRODUCT_BUNDLE_IDENTIFIER = emi.VideoPlayerAppUITests;
				PRODUCT_NAME = "$(TARGET_NAME)";
				SWIFT_EMIT_LOC_STRINGS = NO;
				SWIFT_VERSION = 5.0;
				TARGETED_DEVICE_FAMILY = "1,2";
				TEST_TARGET_NAME = VideoPlayerApp;
			};
			name = Release;
		};
/* End XCBuildConfiguration section */

/* Begin XCConfigurationList section */
		BC4374C12E70DF94008DBD3D /* Build configuration list for PBXProject "VideoPlayerApp" */ = {
			isa = XCConfigurationList;
			buildConfigurations = (
				BC4374E82E70DF95008DBD3D /* Debug */,
				BC4374E92E70DF95008DBD3D /* Release */,
			);
			defaultConfigurationIsVisible = 0;
			defaultConfigurationName = Release;
		};
		BC4374EA2E70DF95008DBD3D /* Build configuration list for PBXNativeTarget "VideoPlayerApp" */ = {
			isa = XCConfigurationList;
			buildConfigurations = (
				BC4374EB2E70DF95008DBD3D /* Debug */,
				BC4374EC2E70DF95008DBD3D /* Release */,
			);
			defaultConfigurationIsVisible = 0;
			defaultConfigurationName = Release;
		};
		BC4374ED2E70DF95008DBD3D /* Build configuration list for PBXNativeTarget "VideoPlayerAppTests" */ = {
			isa = XCConfigurationList;
			buildConfigurations = (
				BC4374EE2E70DF95008DBD3D /* Debug */,
				BC4374EF2E70DF95008DBD3D /* Release */,
			);
			defaultConfigurationIsVisible = 0;
			defaultConfigurationName = Release;
		};
		BC4374F02E70DF95008DBD3D /* Build configuration list for PBXNativeTarget "VideoPlayerAppUITests" */ = {
			isa = XCConfigurationList;
			buildConfigurations = (
				BC4374F12E70DF95008DBD3D /* Debug */,
				BC4374F22E70DF95008DBD3D /* Release */,
			);
			defaultConfigurationIsVisible = 0;
			defaultConfigurationName = Release;
		};
/* End XCConfigurationList section */
	};
	rootObject = BC4374BE2E70DF94008DBD3D /* Project object */;
}
